
Microsoft Visual Studio Solution File, Format Version 12.00
# Visual Studio 14
VisualStudioVersion = 14.0.25123.0
MinimumVisualStudioVersion = 10.0.40219.1
Project("{FAE04EC0-301F-11D3-BF4B-00C04F79EFBC}") = "Phone Book", "Phone Book\Phone Book.csproj", "{DB78E8E4-ADD6-4DFB-AFF1-D253DA7EF13F}"
EndProject
Global
	GlobalSection(SolutionConfigurationPlatforms) = preSolution
		Debug|Any CPU = Debug|Any CPU
		Release|Any CPU = Release|Any CPU
	EndGlobalSection
	GlobalSection(ProjectConfigurationPlatforms) = postSolution
		{DB78E8E4-ADD6-4DFB-AFF1-D253DA7EF13F}.Debug|Any CPU.ActiveCfg = Debug|Any CPU
		{DB78E8E4-ADD6-4DFB-AFF1-D253DA7EF13F}.Debug|Any CPU.Build.0 = Debug|Any CPU
		{DB78E8E4-ADD6-4DFB-AFF1-D253DA7EF13F}.Release|Any CPU.ActiveCfg = Release|Any CPU
		{DB78E8E4-ADD6-4DFB-AFF1-D253DA7EF13F}.Release|Any CPU.Build.0 = Release|Any CPU
	EndGlobalSection
	GlobalSection(SolutionProperties) = preSolution
		HideSolutionNode = FALSE
	EndGlobalSection
EndGlobal
